// !$*UTF8*$!
{
	archiveVersion = 1;
	classes = {
	};
	objectVersion = 46;
	objects = {

/* Begin PBXBuildFile section */
		8A69E6431DC19675005336B4 /* main.m in Sources */ = {isa = PBXBuildFile; fileRef = 8A69E6421DC19675005336B4 /* main.m */; };
		8A69E6461DC19675005336B4 /* AppDelegate.m in Sources */ = {isa = PBXBuildFile; fileRef = 8A69E6451DC19675005336B4 /* AppDelegate.m */; };
		8A69E6491DC19675005336B4 /* ViewController.m in Sources */ = {isa = PBXBuildFile; fileRef = 8A69E6481DC19675005336B4 /* ViewController.m */; };
		8A69E64C1DC19675005336B4 /* Main.storyboard in Resources */ = {isa = PBXBuildFile; fileRef = 8A69E64A1DC19675005336B4 /* Main.storyboard */; };
		8A69E64E1DC19675005336B4 /* Assets.xcassets in Resources */ = {isa = PBXBuildFile; fileRef = 8A69E64D1DC19675005336B4 /* Assets.xcassets */; };
		8A69E6511DC19675005336B4 /* LaunchScreen.storyboard in Resources */ = {isa = PBXBuildFile; fileRef = 8A69E64F1DC19675005336B4 /* LaunchScreen.storyboard */; };
		8A69E65C1DC19676005336B4 /* ChatKitDemoTests.m in Sources */ = {isa = PBXBuildFile; fileRef = 8A69E65B1DC19676005336B4 /* ChatKitDemoTests.m */; };
		8A69E6671DC19676005336B4 /* ChatKitDemoUITests.m in Sources */ = {isa = PBXBuildFile; fileRef = 8A69E6661DC19676005336B4 /* ChatKitDemoUITests.m */; };
		8A69E6781DC1A8CC005336B4 /* LCChatKitExample.m in Sources */ = {isa = PBXBuildFile; fileRef = 8A69E6771DC1A8CC005336B4 /* LCChatKitExample.m */; };
		8A69E67C1DC1A917005336B4 /* LCCKUser.m in Sources */ = {isa = PBXBuildFile; fileRef = 8A69E67B1DC1A917005336B4 /* LCCKUser.m */; };
		8A69E6871DC1AA30005336B4 /* LCCKMapViewController.m in Sources */ = {isa = PBXBuildFile; fileRef = 8A69E6801DC1AA30005336B4 /* LCCKMapViewController.m */; };
		8A69E6881DC1AA30005336B4 /* LCCKUtil.m in Sources */ = {isa = PBXBuildFile; fileRef = 8A69E6831DC1AA30005336B4 /* LCCKUtil.m */; };
		8A69E6891DC1AA30005336B4 /* LCCKPlusButtonSubclass.m in Sources */ = {isa = PBXBuildFile; fileRef = 8A69E6861DC1AA30005336B4 /* LCCKPlusButtonSubclass.m */; };
		8A69E6A01DC1AA4C005336B4 /* AVIMTypedMessageRedPacket.m in Sources */ = {isa = PBXBuildFile; fileRef = 8A69E68D1DC1AA4C005336B4 /* AVIMTypedMessageRedPacket.m */; };
		8A69E6A11DC1AA4C005336B4 /* AVIMTypedMessageRedPacketTaken.m in Sources */ = {isa = PBXBuildFile; fileRef = 8A69E68F1DC1AA4C005336B4 /* AVIMTypedMessageRedPacketTaken.m */; };
		8A69E6A21DC1AA4C005336B4 /* RedpacketCellResource.bundle in Resources */ = {isa = PBXBuildFile; fileRef = 8A69E6911DC1AA4C005336B4 /* RedpacketCellResource.bundle */; };
		8A69E6A31DC1AA4C005336B4 /* AppDelegate+RedPacket.m in Sources */ = {isa = PBXBuildFile; fileRef = 8A69E6941DC1AA4C005336B4 /* AppDelegate+RedPacket.m */; };
		8A69E6A41DC1AA4C005336B4 /* RedpacketConfig.m in Sources */ = {isa = PBXBuildFile; fileRef = 8A69E6961DC1AA4C005336B4 /* RedpacketConfig.m */; };
		8A69E6A51DC1AA4C005336B4 /* RedPacketChangeInputViewPlugin.m in Sources */ = {isa = PBXBuildFile; fileRef = 8A69E6991DC1AA4C005336B4 /* RedPacketChangeInputViewPlugin.m */; };
		8A69E6A61DC1AA4C005336B4 /* RedPacketInputViewPlugin.m in Sources */ = {isa = PBXBuildFile; fileRef = 8A69E69B1DC1AA4C005336B4 /* RedPacketInputViewPlugin.m */; };
		8A69E6A71DC1AA4C005336B4 /* RedpacketMessageCell.m in Sources */ = {isa = PBXBuildFile; fileRef = 8A69E69D1DC1AA4C005336B4 /* RedpacketMessageCell.m */; };
		8A69E6A81DC1AA4C005336B4 /* RedpacketTakenMessageCell.m in Sources */ = {isa = PBXBuildFile; fileRef = 8A69E69F1DC1AA4C005336B4 /* RedpacketTakenMessageCell.m */; };
		8A69E6BC1DC1AA67005336B4 /* LCCKInputViewPluginConversationBackground.m in Sources */ = {isa = PBXBuildFile; fileRef = 8A69E6AC1DC1AA67005336B4 /* LCCKInputViewPluginConversationBackground.m */; };
		8A69E6BD1DC1AA67005336B4 /* LCCKVCardMessage.m in Sources */ = {isa = PBXBuildFile; fileRef = 8A69E6B11DC1AA67005336B4 /* LCCKVCardMessage.m */; };
		8A69E6BE1DC1AA67005336B4 /* calling_card_bg@2x.png in Resources */ = {isa = PBXBuildFile; fileRef = 8A69E6B31DC1AA67005336B4 /* calling_card_bg@2x.png */; };
		8A69E6BF1DC1AA67005336B4 /* LCCKInputViewPluginVCard.m in Sources */ = {isa = PBXBuildFile; fileRef = 8A69E6B61DC1AA67005336B4 /* LCCKInputViewPluginVCard.m */; };
		8A69E6C01DC1AA67005336B4 /* LCCKVCardMessageCell.m in Sources */ = {isa = PBXBuildFile; fileRef = 8A69E6B81DC1AA67005336B4 /* LCCKVCardMessageCell.m */; };
		8A69E6C11DC1AA67005336B4 /* LCCKVCardView.m in Sources */ = {isa = PBXBuildFile; fileRef = 8A69E6BA1DC1AA67005336B4 /* LCCKVCardView.m */; };
		8A69E6C21DC1AA67005336B4 /* LCCKVCardView.xib in Resources */ = {isa = PBXBuildFile; fileRef = 8A69E6BB1DC1AA67005336B4 /* LCCKVCardView.xib */; };
		8A69E6CF1DC1AA81005336B4 /* LCCKLoginViewController.m in Sources */ = {isa = PBXBuildFile; fileRef = 8A69E6C61DC1AA81005336B4 /* LCCKLoginViewController.m */; };
		8A69E6D01DC1AA81005336B4 /* LCCKLoginViewController.xib in Resources */ = {isa = PBXBuildFile; fileRef = 8A69E6C71DC1AA81005336B4 /* LCCKLoginViewController.xib */; };
		8A69E6D11DC1AA81005336B4 /* DEMOCustomAutoCompleteObject.m in Sources */ = {isa = PBXBuildFile; fileRef = 8A69E6CA1DC1AA81005336B4 /* DEMOCustomAutoCompleteObject.m */; };
		8A69E6D21DC1AA81005336B4 /* DEMODataSource.m in Sources */ = {isa = PBXBuildFile; fileRef = 8A69E6CC1DC1AA81005336B4 /* DEMODataSource.m */; };
		8A69E6D31DC1AA81005336B4 /* LCCKLoginDataSource.m in Sources */ = {isa = PBXBuildFile; fileRef = 8A69E6CE1DC1AA81005336B4 /* LCCKLoginDataSource.m */; };
		8A69E6DB1DC1AA97005336B4 /* LCCKContactManager.m in Sources */ = {isa = PBXBuildFile; fileRef = 8A69E6D61DC1AA97005336B4 /* LCCKContactManager.m */; };
		8A69E6DC1DC1AA97005336B4 /* NSObject+LCCKHUD.m in Sources */ = {isa = PBXBuildFile; fileRef = 8A69E6DA1DC1AA97005336B4 /* NSObject+LCCKHUD.m */; };
		8A69E6E31DC1AEA7005336B4 /* LCChatKitExample+Setting.m in Sources */ = {isa = PBXBuildFile; fileRef = 8A69E6E01DC1AEA7005336B4 /* LCChatKitExample+Setting.m */; };
		8A69E6E41DC1AEA7005336B4 /* LCCKTabBarControllerConfig.m in Sources */ = {isa = PBXBuildFile; fileRef = 8A69E6E11DC1AEA7005336B4 /* LCCKTabBarControllerConfig.m */; };
		9CBE560C4CB380DDB6694E5D /* libPods.a in Frameworks */ = {isa = PBXBuildFile; fileRef = 178CCE045841E29A13774488 /* libPods.a */; };
/* End PBXBuildFile section */

/* Begin PBXContainerItemProxy section */
		8A69E6581DC19675005336B4 /* PBXContainerItemProxy */ = {
			isa = PBXContainerItemProxy;
			containerPortal = 8A69E6361DC19675005336B4 /* Project object */;
			proxyType = 1;
			remoteGlobalIDString = 8A69E63D1DC19675005336B4;
			remoteInfo = ChatKitDemo;
		};
		8A69E6631DC19676005336B4 /* PBXContainerItemProxy */ = {
			isa = PBXContainerItemProxy;
			containerPortal = 8A69E6361DC19675005336B4 /* Project object */;
			proxyType = 1;
			remoteGlobalIDString = 8A69E63D1DC19675005336B4;
			remoteInfo = ChatKitDemo;
		};
/* End PBXContainerItemProxy section */

/* Begin PBXFileReference section */
		178CCE045841E29A13774488 /* libPods.a */ = {isa = PBXFileReference; explicitFileType = archive.ar; includeInIndex = 0; path = libPods.a; sourceTree = BUILT_PRODUCTS_DIR; };
		2D56B2486507000DD02B9A97 /* Pods.debug.xcconfig */ = {isa = PBXFileReference; includeInIndex = 1; lastKnownFileType = text.xcconfig; name = Pods.debug.xcconfig; path = "Pods/Target Support Files/Pods/Pods.debug.xcconfig"; sourceTree = "<group>"; };
		48B42A31EB093513803B48EE /* Pods.release.xcconfig */ = {isa = PBXFileReference; includeInIndex = 1; lastKnownFileType = text.xcconfig; name = Pods.release.xcconfig; path = "Pods/Target Support Files/Pods/Pods.release.xcconfig"; sourceTree = "<group>"; };
		8A69E63E1DC19675005336B4 /* ChatKitDemo.app */ = {isa = PBXFileReference; explicitFileType = wrapper.application; includeInIndex = 0; path = ChatKitDemo.app; sourceTree = BUILT_PRODUCTS_DIR; };
		8A69E6421DC19675005336B4 /* main.m */ = {isa = PBXFileReference; lastKnownFileType = sourcecode.c.objc; path = main.m; sourceTree = "<group>"; };
		8A69E6441DC19675005336B4 /* AppDelegate.h */ = {isa = PBXFileReference; lastKnownFileType = sourcecode.c.h; path = AppDelegate.h; sourceTree = "<group>"; };
		8A69E6451DC19675005336B4 /* AppDelegate.m */ = {isa = PBXFileReference; lastKnownFileType = sourcecode.c.objc; path = AppDelegate.m; sourceTree = "<group>"; };
		8A69E6471DC19675005336B4 /* ViewController.h */ = {isa = PBXFileReference; lastKnownFileType = sourcecode.c.h; path = ViewController.h; sourceTree = "<group>"; };
		8A69E6481DC19675005336B4 /* ViewController.m */ = {isa = PBXFileReference; lastKnownFileType = sourcecode.c.objc; path = ViewController.m; sourceTree = "<group>"; };
		8A69E64B1DC19675005336B4 /* Base */ = {isa = PBXFileReference; lastKnownFileType = file.storyboard; name = Base; path = Base.lproj/Main.storyboard; sourceTree = "<group>"; };
		8A69E64D1DC19675005336B4 /* Assets.xcassets */ = {isa = PBXFileReference; lastKnownFileType = folder.assetcatalog; path = Assets.xcassets; sourceTree = "<group>"; };
		8A69E6501DC19675005336B4 /* Base */ = {isa = PBXFileReference; lastKnownFileType = file.storyboard; name = Base; path = Base.lproj/LaunchScreen.storyboard; sourceTree = "<group>"; };
		8A69E6521DC19675005336B4 /* Info.plist */ = {isa = PBXFileReference; lastKnownFileType = text.plist.xml; path = Info.plist; sourceTree = "<group>"; };
		8A69E6571DC19675005336B4 /* ChatKitDemoTests.xctest */ = {isa = PBXFileReference; explicitFileType = wrapper.cfbundle; includeInIndex = 0; path = ChatKitDemoTests.xctest; sourceTree = BUILT_PRODUCTS_DIR; };
		8A69E65B1DC19676005336B4 /* ChatKitDemoTests.m */ = {isa = PBXFileReference; lastKnownFileType = sourcecode.c.objc; path = ChatKitDemoTests.m; sourceTree = "<group>"; };
		8A69E65D1DC19676005336B4 /* Info.plist */ = {isa = PBXFileReference; lastKnownFileType = text.plist.xml; path = Info.plist; sourceTree = "<group>"; };
		8A69E6621DC19676005336B4 /* ChatKitDemoUITests.xctest */ = {isa = PBXFileReference; explicitFileType = wrapper.cfbundle; includeInIndex = 0; path = ChatKitDemoUITests.xctest; sourceTree = BUILT_PRODUCTS_DIR; };
		8A69E6661DC19676005336B4 /* ChatKitDemoUITests.m */ = {isa = PBXFileReference; lastKnownFileType = sourcecode.c.objc; path = ChatKitDemoUITests.m; sourceTree = "<group>"; };
		8A69E6681DC19676005336B4 /* Info.plist */ = {isa = PBXFileReference; lastKnownFileType = text.plist.xml; path = Info.plist; sourceTree = "<group>"; };
		8A69E6741DC1A763005336B4 /* PrefixHeader.pch */ = {isa = PBXFileReference; lastKnownFileType = sourcecode.c.h; path = PrefixHeader.pch; sourceTree = "<group>"; };
		8A69E6761DC1A8CC005336B4 /* LCChatKitExample.h */ = {isa = PBXFileReference; fileEncoding = 4; lastKnownFileType = sourcecode.c.h; path = LCChatKitExample.h; sourceTree = "<group>"; };
		8A69E6771DC1A8CC005336B4 /* LCChatKitExample.m */ = {isa = PBXFileReference; fileEncoding = 4; lastKnownFileType = sourcecode.c.objc; path = LCChatKitExample.m; sourceTree = "<group>"; };
		8A69E67A1DC1A917005336B4 /* LCCKUser.h */ = {isa = PBXFileReference; fileEncoding = 4; lastKnownFileType = sourcecode.c.h; path = LCCKUser.h; sourceTree = "<group>"; };
		8A69E67B1DC1A917005336B4 /* LCCKUser.m */ = {isa = PBXFileReference; fileEncoding = 4; lastKnownFileType = sourcecode.c.objc; path = LCCKUser.m; sourceTree = "<group>"; };
		8A69E67F1DC1AA30005336B4 /* LCCKMapViewController.h */ = {isa = PBXFileReference; fileEncoding = 4; lastKnownFileType = sourcecode.c.h; path = LCCKMapViewController.h; sourceTree = "<group>"; };
		8A69E6801DC1AA30005336B4 /* LCCKMapViewController.m */ = {isa = PBXFileReference; fileEncoding = 4; lastKnownFileType = sourcecode.c.objc; path = LCCKMapViewController.m; sourceTree = "<group>"; };
		8A69E6811DC1AA30005336B4 /* LCCKConstantsDefinition.h */ = {isa = PBXFileReference; fileEncoding = 4; lastKnownFileType = sourcecode.c.h; path = LCCKConstantsDefinition.h; sourceTree = "<group>"; };
		8A69E6821DC1AA30005336B4 /* LCCKUtil.h */ = {isa = PBXFileReference; fileEncoding = 4; lastKnownFileType = sourcecode.c.h; path = LCCKUtil.h; sourceTree = "<group>"; };
		8A69E6831DC1AA30005336B4 /* LCCKUtil.m */ = {isa = PBXFileReference; fileEncoding = 4; lastKnownFileType = sourcecode.c.objc; path = LCCKUtil.m; sourceTree = "<group>"; };
		8A69E6851DC1AA30005336B4 /* LCCKPlusButtonSubclass.h */ = {isa = PBXFileReference; fileEncoding = 4; lastKnownFileType = sourcecode.c.h; path = LCCKPlusButtonSubclass.h; sourceTree = "<group>"; };
		8A69E6861DC1AA30005336B4 /* LCCKPlusButtonSubclass.m */ = {isa = PBXFileReference; fileEncoding = 4; lastKnownFileType = sourcecode.c.objc; path = LCCKPlusButtonSubclass.m; sourceTree = "<group>"; };
		8A69E68C1DC1AA4C005336B4 /* AVIMTypedMessageRedPacket.h */ = {isa = PBXFileReference; fileEncoding = 4; lastKnownFileType = sourcecode.c.h; path = AVIMTypedMessageRedPacket.h; sourceTree = "<group>"; };
		8A69E68D1DC1AA4C005336B4 /* AVIMTypedMessageRedPacket.m */ = {isa = PBXFileReference; fileEncoding = 4; lastKnownFileType = sourcecode.c.objc; path = AVIMTypedMessageRedPacket.m; sourceTree = "<group>"; };
		8A69E68E1DC1AA4C005336B4 /* AVIMTypedMessageRedPacketTaken.h */ = {isa = PBXFileReference; fileEncoding = 4; lastKnownFileType = sourcecode.c.h; path = AVIMTypedMessageRedPacketTaken.h; sourceTree = "<group>"; };
		8A69E68F1DC1AA4C005336B4 /* AVIMTypedMessageRedPacketTaken.m */ = {isa = PBXFileReference; fileEncoding = 4; lastKnownFileType = sourcecode.c.objc; path = AVIMTypedMessageRedPacketTaken.m; sourceTree = "<group>"; };
		8A69E6911DC1AA4C005336B4 /* RedpacketCellResource.bundle */ = {isa = PBXFileReference; lastKnownFileType = "wrapper.plug-in"; path = RedpacketCellResource.bundle; sourceTree = "<group>"; };
		8A69E6931DC1AA4C005336B4 /* AppDelegate+RedPacket.h */ = {isa = PBXFileReference; fileEncoding = 4; lastKnownFileType = sourcecode.c.h; path = "AppDelegate+RedPacket.h"; sourceTree = "<group>"; };
		8A69E6941DC1AA4C005336B4 /* AppDelegate+RedPacket.m */ = {isa = PBXFileReference; fileEncoding = 4; lastKnownFileType = sourcecode.c.objc; path = "AppDelegate+RedPacket.m"; sourceTree = "<group>"; };
		8A69E6951DC1AA4C005336B4 /* RedpacketConfig.h */ = {isa = PBXFileReference; fileEncoding = 4; lastKnownFileType = sourcecode.c.h; path = RedpacketConfig.h; sourceTree = "<group>"; };
		8A69E6961DC1AA4C005336B4 /* RedpacketConfig.m */ = {isa = PBXFileReference; fileEncoding = 4; lastKnownFileType = sourcecode.c.objc; path = RedpacketConfig.m; sourceTree = "<group>"; };
		8A69E6981DC1AA4C005336B4 /* RedPacketChangeInputViewPlugin.h */ = {isa = PBXFileReference; fileEncoding = 4; lastKnownFileType = sourcecode.c.h; path = RedPacketChangeInputViewPlugin.h; sourceTree = "<group>"; };
		8A69E6991DC1AA4C005336B4 /* RedPacketChangeInputViewPlugin.m */ = {isa = PBXFileReference; fileEncoding = 4; lastKnownFileType = sourcecode.c.objc; path = RedPacketChangeInputViewPlugin.m; sourceTree = "<group>"; };
		8A69E69A1DC1AA4C005336B4 /* RedPacketInputViewPlugin.h */ = {isa = PBXFileReference; fileEncoding = 4; lastKnownFileType = sourcecode.c.h; path = RedPacketInputViewPlugin.h; sourceTree = "<group>"; };
		8A69E69B1DC1AA4C005336B4 /* RedPacketInputViewPlugin.m */ = {isa = PBXFileReference; fileEncoding = 4; lastKnownFileType = sourcecode.c.objc; path = RedPacketInputViewPlugin.m; sourceTree = "<group>"; };
		8A69E69C1DC1AA4C005336B4 /* RedpacketMessageCell.h */ = {isa = PBXFileReference; fileEncoding = 4; lastKnownFileType = sourcecode.c.h; path = RedpacketMessageCell.h; sourceTree = "<group>"; };
		8A69E69D1DC1AA4C005336B4 /* RedpacketMessageCell.m */ = {isa = PBXFileReference; fileEncoding = 4; lastKnownFileType = sourcecode.c.objc; path = RedpacketMessageCell.m; sourceTree = "<group>"; };
		8A69E69E1DC1AA4C005336B4 /* RedpacketTakenMessageCell.h */ = {isa = PBXFileReference; fileEncoding = 4; lastKnownFileType = sourcecode.c.h; path = RedpacketTakenMessageCell.h; sourceTree = "<group>"; };
		8A69E69F1DC1AA4C005336B4 /* RedpacketTakenMessageCell.m */ = {isa = PBXFileReference; fileEncoding = 4; lastKnownFileType = sourcecode.c.objc; path = RedpacketTakenMessageCell.m; sourceTree = "<group>"; };
		8A69E6AB1DC1AA67005336B4 /* LCCKInputViewPluginConversationBackground.h */ = {isa = PBXFileReference; fileEncoding = 4; lastKnownFileType = sourcecode.c.h; path = LCCKInputViewPluginConversationBackground.h; sourceTree = "<group>"; };
		8A69E6AC1DC1AA67005336B4 /* LCCKInputViewPluginConversationBackground.m */ = {isa = PBXFileReference; fileEncoding = 4; lastKnownFileType = sourcecode.c.objc; path = LCCKInputViewPluginConversationBackground.m; sourceTree = "<group>"; };
		8A69E6B01DC1AA67005336B4 /* LCCKVCardMessage.h */ = {isa = PBXFileReference; fileEncoding = 4; lastKnownFileType = sourcecode.c.h; path = LCCKVCardMessage.h; sourceTree = "<group>"; };
		8A69E6B11DC1AA67005336B4 /* LCCKVCardMessage.m */ = {isa = PBXFileReference; fileEncoding = 4; lastKnownFileType = sourcecode.c.objc; path = LCCKVCardMessage.m; sourceTree = "<group>"; };
		8A69E6B31DC1AA67005336B4 /* calling_card_bg@2x.png */ = {isa = PBXFileReference; lastKnownFileType = image.png; path = "calling_card_bg@2x.png"; sourceTree = "<group>"; };
		8A69E6B51DC1AA67005336B4 /* LCCKInputViewPluginVCard.h */ = {isa = PBXFileReference; fileEncoding = 4; lastKnownFileType = sourcecode.c.h; path = LCCKInputViewPluginVCard.h; sourceTree = "<group>"; };
		8A69E6B61DC1AA67005336B4 /* LCCKInputViewPluginVCard.m */ = {isa = PBXFileReference; fileEncoding = 4; lastKnownFileType = sourcecode.c.objc; path = LCCKInputViewPluginVCard.m; sourceTree = "<group>"; };
		8A69E6B71DC1AA67005336B4 /* LCCKVCardMessageCell.h */ = {isa = PBXFileReference; fileEncoding = 4; lastKnownFileType = sourcecode.c.h; path = LCCKVCardMessageCell.h; sourceTree = "<group>"; };
		8A69E6B81DC1AA67005336B4 /* LCCKVCardMessageCell.m */ = {isa = PBXFileReference; fileEncoding = 4; lastKnownFileType = sourcecode.c.objc; path = LCCKVCardMessageCell.m; sourceTree = "<group>"; };
		8A69E6B91DC1AA67005336B4 /* LCCKVCardView.h */ = {isa = PBXFileReference; fileEncoding = 4; lastKnownFileType = sourcecode.c.h; path = LCCKVCardView.h; sourceTree = "<group>"; };
		8A69E6BA1DC1AA67005336B4 /* LCCKVCardView.m */ = {isa = PBXFileReference; fileEncoding = 4; lastKnownFileType = sourcecode.c.objc; path = LCCKVCardView.m; sourceTree = "<group>"; };
		8A69E6BB1DC1AA67005336B4 /* LCCKVCardView.xib */ = {isa = PBXFileReference; fileEncoding = 4; lastKnownFileType = file.xib; path = LCCKVCardView.xib; sourceTree = "<group>"; };
		8A69E6C51DC1AA81005336B4 /* LCCKLoginViewController.h */ = {isa = PBXFileReference; fileEncoding = 4; lastKnownFileType = sourcecode.c.h; path = LCCKLoginViewController.h; sourceTree = "<group>"; };
		8A69E6C61DC1AA81005336B4 /* LCCKLoginViewController.m */ = {isa = PBXFileReference; fileEncoding = 4; lastKnownFileType = sourcecode.c.objc; path = LCCKLoginViewController.m; sourceTree = "<group>"; };
		8A69E6C71DC1AA81005336B4 /* LCCKLoginViewController.xib */ = {isa = PBXFileReference; fileEncoding = 4; lastKnownFileType = file.xib; path = LCCKLoginViewController.xib; sourceTree = "<group>"; };
		8A69E6C91DC1AA81005336B4 /* DEMOCustomAutoCompleteObject.h */ = {isa = PBXFileReference; fileEncoding = 4; lastKnownFileType = sourcecode.c.h; path = DEMOCustomAutoCompleteObject.h; sourceTree = "<group>"; };
		8A69E6CA1DC1AA81005336B4 /* DEMOCustomAutoCompleteObject.m */ = {isa = PBXFileReference; fileEncoding = 4; lastKnownFileType = sourcecode.c.objc; path = DEMOCustomAutoCompleteObject.m; sourceTree = "<group>"; };
		8A69E6CB1DC1AA81005336B4 /* DEMODataSource.h */ = {isa = PBXFileReference; fileEncoding = 4; lastKnownFileType = sourcecode.c.h; path = DEMODataSource.h; sourceTree = "<group>"; };
		8A69E6CC1DC1AA81005336B4 /* DEMODataSource.m */ = {isa = PBXFileReference; fileEncoding = 4; lastKnownFileType = sourcecode.c.objc; path = DEMODataSource.m; sourceTree = "<group>"; };
		8A69E6CD1DC1AA81005336B4 /* LCCKLoginDataSource.h */ = {isa = PBXFileReference; fileEncoding = 4; lastKnownFileType = sourcecode.c.h; path = LCCKLoginDataSource.h; sourceTree = "<group>"; };
		8A69E6CE1DC1AA81005336B4 /* LCCKLoginDataSource.m */ = {isa = PBXFileReference; fileEncoding = 4; lastKnownFileType = sourcecode.c.objc; path = LCCKLoginDataSource.m; sourceTree = "<group>"; };
		8A69E6D51DC1AA97005336B4 /* LCCKContactManager.h */ = {isa = PBXFileReference; fileEncoding = 4; lastKnownFileType = sourcecode.c.h; path = LCCKContactManager.h; sourceTree = "<group>"; };
		8A69E6D61DC1AA97005336B4 /* LCCKContactManager.m */ = {isa = PBXFileReference; fileEncoding = 4; lastKnownFileType = sourcecode.c.objc; path = LCCKContactManager.m; sourceTree = "<group>"; };
		8A69E6D71DC1AA97005336B4 /* LCCKExampleConstants.h */ = {isa = PBXFileReference; fileEncoding = 4; lastKnownFileType = sourcecode.c.h; path = LCCKExampleConstants.h; sourceTree = "<group>"; };
		8A69E6D91DC1AA97005336B4 /* NSObject+LCCKHUD.h */ = {isa = PBXFileReference; fileEncoding = 4; lastKnownFileType = sourcecode.c.h; path = "NSObject+LCCKHUD.h"; sourceTree = "<group>"; };
		8A69E6DA1DC1AA97005336B4 /* NSObject+LCCKHUD.m */ = {isa = PBXFileReference; fileEncoding = 4; lastKnownFileType = sourcecode.c.objc; path = "NSObject+LCCKHUD.m"; sourceTree = "<group>"; };
		8A69E6DD1DC1AEA2005336B4 /* LCChatKitExample+Setting.h */ = {isa = PBXFileReference; lastKnownFileType = sourcecode.c.h; path = "LCChatKitExample+Setting.h"; sourceTree = "<group>"; };
		8A69E6DE1DC1AEA2005336B4 /* LCCKTabBarControllerConfig.h */ = {isa = PBXFileReference; lastKnownFileType = sourcecode.c.h; path = LCCKTabBarControllerConfig.h; sourceTree = "<group>"; };
		8A69E6E01DC1AEA7005336B4 /* LCChatKitExample+Setting.m */ = {isa = PBXFileReference; fileEncoding = 4; lastKnownFileType = sourcecode.c.objc; path = "LCChatKitExample+Setting.m"; sourceTree = "<group>"; };
		8A69E6E11DC1AEA7005336B4 /* LCCKTabBarControllerConfig.m */ = {isa = PBXFileReference; fileEncoding = 4; lastKnownFileType = sourcecode.c.objc; path = LCCKTabBarControllerConfig.m; sourceTree = "<group>"; };
/* End PBXFileReference section */

/* Begin PBXFrameworksBuildPhase section */
		8A69E63B1DC19675005336B4 /* Frameworks */ = {
			isa = PBXFrameworksBuildPhase;
			buildActionMask = 2147483647;
			files = (
				9CBE560C4CB380DDB6694E5D /* libPods.a in Frameworks */,
			);
			runOnlyForDeploymentPostprocessing = 0;
		};
		8A69E6541DC19675005336B4 /* Frameworks */ = {
			isa = PBXFrameworksBuildPhase;
			buildActionMask = 2147483647;
			files = (
			);
			runOnlyForDeploymentPostprocessing = 0;
		};
		8A69E65F1DC19676005336B4 /* Frameworks */ = {
			isa = PBXFrameworksBuildPhase;
			buildActionMask = 2147483647;
			files = (
			);
			runOnlyForDeploymentPostprocessing = 0;
		};
/* End PBXFrameworksBuildPhase section */

/* Begin PBXGroup section */
		0EFD858A877BB532B0A82D4B /* Frameworks */ = {
			isa = PBXGroup;
			children = (
				178CCE045841E29A13774488 /* libPods.a */,
			);
			name = Frameworks;
			sourceTree = "<group>";
		};
		1A9FDA48620E7C3DEF662134 /* Pods */ = {
			isa = PBXGroup;
			children = (
				2D56B2486507000DD02B9A97 /* Pods.debug.xcconfig */,
				48B42A31EB093513803B48EE /* Pods.release.xcconfig */,
			);
			name = Pods;
			sourceTree = "<group>";
		};
		8A69E6351DC19675005336B4 = {
			isa = PBXGroup;
			children = (
				8A69E6401DC19675005336B4 /* ChatKitDemo */,
				8A69E65A1DC19676005336B4 /* ChatKitDemoTests */,
				8A69E6651DC19676005336B4 /* ChatKitDemoUITests */,
				8A69E63F1DC19675005336B4 /* Products */,
				1A9FDA48620E7C3DEF662134 /* Pods */,
				0EFD858A877BB532B0A82D4B /* Frameworks */,
			);
			sourceTree = "<group>";
		};
		8A69E63F1DC19675005336B4 /* Products */ = {
			isa = PBXGroup;
			children = (
				8A69E63E1DC19675005336B4 /* ChatKitDemo.app */,
				8A69E6571DC19675005336B4 /* ChatKitDemoTests.xctest */,
				8A69E6621DC19676005336B4 /* ChatKitDemoUITests.xctest */,
			);
			name = Products;
			sourceTree = "<group>";
		};
		8A69E6401DC19675005336B4 /* ChatKitDemo */ = {
			isa = PBXGroup;
			children = (
				8A69E6751DC1A8BC005336B4 /* Lib */,
				8A69E6441DC19675005336B4 /* AppDelegate.h */,
				8A69E6451DC19675005336B4 /* AppDelegate.m */,
				8A69E6471DC19675005336B4 /* ViewController.h */,
				8A69E6481DC19675005336B4 /* ViewController.m */,
				8A69E64A1DC19675005336B4 /* Main.storyboard */,
				8A69E64D1DC19675005336B4 /* Assets.xcassets */,
				8A69E64F1DC19675005336B4 /* LaunchScreen.storyboard */,
				8A69E6521DC19675005336B4 /* Info.plist */,
				8A69E6411DC19675005336B4 /* Supporting Files */,
				8A69E6741DC1A763005336B4 /* PrefixHeader.pch */,
			);
			path = ChatKitDemo;
			sourceTree = "<group>";
		};
		8A69E6411DC19675005336B4 /* Supporting Files */ = {
			isa = PBXGroup;
			children = (
				8A69E6421DC19675005336B4 /* main.m */,
			);
			name = "Supporting Files";
			sourceTree = "<group>";
		};
		8A69E65A1DC19676005336B4 /* ChatKitDemoTests */ = {
			isa = PBXGroup;
			children = (
				8A69E65B1DC19676005336B4 /* ChatKitDemoTests.m */,
				8A69E65D1DC19676005336B4 /* Info.plist */,
			);
			path = ChatKitDemoTests;
			sourceTree = "<group>";
		};
		8A69E6651DC19676005336B4 /* ChatKitDemoUITests */ = {
			isa = PBXGroup;
			children = (
				8A69E6661DC19676005336B4 /* ChatKitDemoUITests.m */,
				8A69E6681DC19676005336B4 /* Info.plist */,
			);
			path = ChatKitDemoUITests;
			sourceTree = "<group>";
		};
		8A69E6751DC1A8BC005336B4 /* Lib */ = {
			isa = PBXGroup;
			children = (
				8A69E6D41DC1AA97005336B4 /* Tool */,
				8A69E6C31DC1AA81005336B4 /* Login */,
				8A69E6A91DC1AA67005336B4 /* Customize */,
				8A69E68A1DC1AA4C005336B4 /* Redpacket */,
				8A69E67D1DC1AA30005336B4 /* Main */,
				8A69E6791DC1A917005336B4 /* Model */,
				8A69E6761DC1A8CC005336B4 /* LCChatKitExample.h */,
				8A69E6771DC1A8CC005336B4 /* LCChatKitExample.m */,
			);
			path = Lib;
			sourceTree = "<group>";
		};
		8A69E6791DC1A917005336B4 /* Model */ = {
			isa = PBXGroup;
			children = (
				8A69E67A1DC1A917005336B4 /* LCCKUser.h */,
				8A69E67B1DC1A917005336B4 /* LCCKUser.m */,
			);
			path = Model;
			sourceTree = "<group>";
		};
		8A69E67D1DC1AA30005336B4 /* Main */ = {
			isa = PBXGroup;
			children = (
				8A69E6E01DC1AEA7005336B4 /* LCChatKitExample+Setting.m */,
				8A69E6E11DC1AEA7005336B4 /* LCCKTabBarControllerConfig.m */,
				8A69E6DD1DC1AEA2005336B4 /* LCChatKitExample+Setting.h */,
				8A69E6DE1DC1AEA2005336B4 /* LCCKTabBarControllerConfig.h */,
				8A69E67E1DC1AA30005336B4 /* Controller */,
				8A69E6811DC1AA30005336B4 /* LCCKConstantsDefinition.h */,
				8A69E6821DC1AA30005336B4 /* LCCKUtil.h */,
				8A69E6831DC1AA30005336B4 /* LCCKUtil.m */,
				8A69E6841DC1AA30005336B4 /* View */,
			);
			path = Main;
			sourceTree = "<group>";
		};
		8A69E67E1DC1AA30005336B4 /* Controller */ = {
			isa = PBXGroup;
			children = (
				8A69E67F1DC1AA30005336B4 /* LCCKMapViewController.h */,
				8A69E6801DC1AA30005336B4 /* LCCKMapViewController.m */,
			);
			path = Controller;
			sourceTree = "<group>";
		};
		8A69E6841DC1AA30005336B4 /* View */ = {
			isa = PBXGroup;
			children = (
				8A69E6851DC1AA30005336B4 /* LCCKPlusButtonSubclass.h */,
				8A69E6861DC1AA30005336B4 /* LCCKPlusButtonSubclass.m */,
			);
			path = View;
			sourceTree = "<group>";
		};
		8A69E68A1DC1AA4C005336B4 /* Redpacket */ = {
			isa = PBXGroup;
			children = (
				8A69E68B1DC1AA4C005336B4 /* Model */,
				8A69E6901DC1AA4C005336B4 /* Resources */,
				8A69E6921DC1AA4C005336B4 /* Tool */,
				8A69E6971DC1AA4C005336B4 /* View */,
			);
			path = Redpacket;
			sourceTree = "<group>";
		};
		8A69E68B1DC1AA4C005336B4 /* Model */ = {
			isa = PBXGroup;
			children = (
				8A69E68C1DC1AA4C005336B4 /* AVIMTypedMessageRedPacket.h */,
				8A69E68D1DC1AA4C005336B4 /* AVIMTypedMessageRedPacket.m */,
				8A69E68E1DC1AA4C005336B4 /* AVIMTypedMessageRedPacketTaken.h */,
				8A69E68F1DC1AA4C005336B4 /* AVIMTypedMessageRedPacketTaken.m */,
			);
			path = Model;
			sourceTree = "<group>";
		};
		8A69E6901DC1AA4C005336B4 /* Resources */ = {
			isa = PBXGroup;
			children = (
				8A69E6911DC1AA4C005336B4 /* RedpacketCellResource.bundle */,
			);
			path = Resources;
			sourceTree = "<group>";
		};
		8A69E6921DC1AA4C005336B4 /* Tool */ = {
			isa = PBXGroup;
			children = (
				8A69E6931DC1AA4C005336B4 /* AppDelegate+RedPacket.h */,
				8A69E6941DC1AA4C005336B4 /* AppDelegate+RedPacket.m */,
				8A69E6951DC1AA4C005336B4 /* RedpacketConfig.h */,
				8A69E6961DC1AA4C005336B4 /* RedpacketConfig.m */,
			);
			path = Tool;
			sourceTree = "<group>";
		};
		8A69E6971DC1AA4C005336B4 /* View */ = {
			isa = PBXGroup;
			children = (
				8A69E6981DC1AA4C005336B4 /* RedPacketChangeInputViewPlugin.h */,
				8A69E6991DC1AA4C005336B4 /* RedPacketChangeInputViewPlugin.m */,
				8A69E69A1DC1AA4C005336B4 /* RedPacketInputViewPlugin.h */,
				8A69E69B1DC1AA4C005336B4 /* RedPacketInputViewPlugin.m */,
				8A69E69C1DC1AA4C005336B4 /* RedpacketMessageCell.h */,
				8A69E69D1DC1AA4C005336B4 /* RedpacketMessageCell.m */,
				8A69E69E1DC1AA4C005336B4 /* RedpacketTakenMessageCell.h */,
				8A69E69F1DC1AA4C005336B4 /* RedpacketTakenMessageCell.m */,
			);
			path = View;
			sourceTree = "<group>";
		};
		8A69E6A91DC1AA67005336B4 /* Customize */ = {
			isa = PBXGroup;
			children = (
				8A69E6AA1DC1AA67005336B4 /* CustomizedConversationBackground */,
				8A69E6AD1DC1AA67005336B4 /* CustomizedMessage */,
			);
			path = Customize;
			sourceTree = "<group>";
		};
		8A69E6AA1DC1AA67005336B4 /* CustomizedConversationBackground */ = {
			isa = PBXGroup;
			children = (
				8A69E6AB1DC1AA67005336B4 /* LCCKInputViewPluginConversationBackground.h */,
				8A69E6AC1DC1AA67005336B4 /* LCCKInputViewPluginConversationBackground.m */,
			);
			path = CustomizedConversationBackground;
			sourceTree = "<group>";
		};
		8A69E6AD1DC1AA67005336B4 /* CustomizedMessage */ = {
			isa = PBXGroup;
			children = (
				8A69E6AE1DC1AA67005336B4 /* VCardMessage */,
			);
			path = CustomizedMessage;
			sourceTree = "<group>";
		};
		8A69E6AE1DC1AA67005336B4 /* VCardMessage */ = {
			isa = PBXGroup;
			children = (
				8A69E6AF1DC1AA67005336B4 /* Model */,
				8A69E6B21DC1AA67005336B4 /* Resources */,
				8A69E6B41DC1AA67005336B4 /* View */,
			);
			path = VCardMessage;
			sourceTree = "<group>";
		};
		8A69E6AF1DC1AA67005336B4 /* Model */ = {
			isa = PBXGroup;
			children = (
				8A69E6B01DC1AA67005336B4 /* LCCKVCardMessage.h */,
				8A69E6B11DC1AA67005336B4 /* LCCKVCardMessage.m */,
			);
			path = Model;
			sourceTree = "<group>";
		};
		8A69E6B21DC1AA67005336B4 /* Resources */ = {
			isa = PBXGroup;
			children = (
				8A69E6B31DC1AA67005336B4 /* calling_card_bg@2x.png */,
			);
			path = Resources;
			sourceTree = "<group>";
		};
		8A69E6B41DC1AA67005336B4 /* View */ = {
			isa = PBXGroup;
			children = (
				8A69E6B51DC1AA67005336B4 /* LCCKInputViewPluginVCard.h */,
				8A69E6B61DC1AA67005336B4 /* LCCKInputViewPluginVCard.m */,
				8A69E6B71DC1AA67005336B4 /* LCCKVCardMessageCell.h */,
				8A69E6B81DC1AA67005336B4 /* LCCKVCardMessageCell.m */,
				8A69E6B91DC1AA67005336B4 /* LCCKVCardView.h */,
				8A69E6BA1DC1AA67005336B4 /* LCCKVCardView.m */,
				8A69E6BB1DC1AA67005336B4 /* LCCKVCardView.xib */,
			);
			path = View;
			sourceTree = "<group>";
		};
		8A69E6C31DC1AA81005336B4 /* Login */ = {
			isa = PBXGroup;
			children = (
				8A69E6C41DC1AA81005336B4 /* Controller */,
				8A69E6C81DC1AA81005336B4 /* Model */,
			);
			path = Login;
			sourceTree = "<group>";
		};
		8A69E6C41DC1AA81005336B4 /* Controller */ = {
			isa = PBXGroup;
			children = (
				8A69E6C51DC1AA81005336B4 /* LCCKLoginViewController.h */,
				8A69E6C61DC1AA81005336B4 /* LCCKLoginViewController.m */,
				8A69E6C71DC1AA81005336B4 /* LCCKLoginViewController.xib */,
			);
			path = Controller;
			sourceTree = "<group>";
		};
		8A69E6C81DC1AA81005336B4 /* Model */ = {
			isa = PBXGroup;
			children = (
				8A69E6C91DC1AA81005336B4 /* DEMOCustomAutoCompleteObject.h */,
				8A69E6CA1DC1AA81005336B4 /* DEMOCustomAutoCompleteObject.m */,
				8A69E6CB1DC1AA81005336B4 /* DEMODataSource.h */,
				8A69E6CC1DC1AA81005336B4 /* DEMODataSource.m */,
				8A69E6CD1DC1AA81005336B4 /* LCCKLoginDataSource.h */,
				8A69E6CE1DC1AA81005336B4 /* LCCKLoginDataSource.m */,
			);
			path = Model;
			sourceTree = "<group>";
		};
		8A69E6D41DC1AA97005336B4 /* Tool */ = {
			isa = PBXGroup;
			children = (
				8A69E6D51DC1AA97005336B4 /* LCCKContactManager.h */,
				8A69E6D61DC1AA97005336B4 /* LCCKContactManager.m */,
				8A69E6D71DC1AA97005336B4 /* LCCKExampleConstants.h */,
				8A69E6D81DC1AA97005336B4 /* MBProgressHUD */,
			);
			path = Tool;
			sourceTree = "<group>";
		};
		8A69E6D81DC1AA97005336B4 /* MBProgressHUD */ = {
			isa = PBXGroup;
			children = (
				8A69E6D91DC1AA97005336B4 /* NSObject+LCCKHUD.h */,
				8A69E6DA1DC1AA97005336B4 /* NSObject+LCCKHUD.m */,
			);
			path = MBProgressHUD;
			sourceTree = "<group>";
		};
/* End PBXGroup section */

/* Begin PBXNativeTarget section */
		8A69E63D1DC19675005336B4 /* ChatKitDemo */ = {
			isa = PBXNativeTarget;
			buildConfigurationList = 8A69E66B1DC19676005336B4 /* Build configuration list for PBXNativeTarget "ChatKitDemo" */;
			buildPhases = (
				88A2D669824251EC3D89D105 /* Check Pods Manifest.lock */,
				8A69E63A1DC19675005336B4 /* Sources */,
				8A69E63B1DC19675005336B4 /* Frameworks */,
				8A69E63C1DC19675005336B4 /* Resources */,
				110DCC4D607081AC90FA77CC /* Embed Pods Frameworks */,
				64A4EB332C2BE4032AF9F023 /* Copy Pods Resources */,
			);
			buildRules = (
			);
			dependencies = (
			);
			name = ChatKitDemo;
			productName = ChatKitDemo;
			productReference = 8A69E63E1DC19675005336B4 /* ChatKitDemo.app */;
			productType = "com.apple.product-type.application";
		};
		8A69E6561DC19675005336B4 /* ChatKitDemoTests */ = {
			isa = PBXNativeTarget;
			buildConfigurationList = 8A69E66E1DC19676005336B4 /* Build configuration list for PBXNativeTarget "ChatKitDemoTests" */;
			buildPhases = (
				8A69E6531DC19675005336B4 /* Sources */,
				8A69E6541DC19675005336B4 /* Frameworks */,
				8A69E6551DC19675005336B4 /* Resources */,
			);
			buildRules = (
			);
			dependencies = (
				8A69E6591DC19675005336B4 /* PBXTargetDependency */,
			);
			name = ChatKitDemoTests;
			productName = ChatKitDemoTests;
			productReference = 8A69E6571DC19675005336B4 /* ChatKitDemoTests.xctest */;
			productType = "com.apple.product-type.bundle.unit-test";
		};
		8A69E6611DC19676005336B4 /* ChatKitDemoUITests */ = {
			isa = PBXNativeTarget;
			buildConfigurationList = 8A69E6711DC19676005336B4 /* Build configuration list for PBXNativeTarget "ChatKitDemoUITests" */;
			buildPhases = (
				8A69E65E1DC19676005336B4 /* Sources */,
				8A69E65F1DC19676005336B4 /* Frameworks */,
				8A69E6601DC19676005336B4 /* Resources */,
			);
			buildRules = (
			);
			dependencies = (
				8A69E6641DC19676005336B4 /* PBXTargetDependency */,
			);
			name = ChatKitDemoUITests;
			productName = ChatKitDemoUITests;
			productReference = 8A69E6621DC19676005336B4 /* ChatKitDemoUITests.xctest */;
			productType = "com.apple.product-type.bundle.ui-testing";
		};
/* End PBXNativeTarget section */

/* Begin PBXProject section */
		8A69E6361DC19675005336B4 /* Project object */ = {
			isa = PBXProject;
			attributes = {
				LastUpgradeCheck = 0800;
				ORGANIZATIONNAME = taobaichi;
				TargetAttributes = {
					8A69E63D1DC19675005336B4 = {
						CreatedOnToolsVersion = 8.0;
						DevelopmentTeam = D7XRQ8Z68E;
						ProvisioningStyle = Automatic;
					};
					8A69E6561DC19675005336B4 = {
						CreatedOnToolsVersion = 8.0;
						DevelopmentTeam = D7XRQ8Z68E;
						ProvisioningStyle = Automatic;
						TestTargetID = 8A69E63D1DC19675005336B4;
					};
					8A69E6611DC19676005336B4 = {
						CreatedOnToolsVersion = 8.0;
						DevelopmentTeam = D7XRQ8Z68E;
						ProvisioningStyle = Automatic;
						TestTargetID = 8A69E63D1DC19675005336B4;
					};
				};
			};
			buildConfigurationList = 8A69E6391DC19675005336B4 /* Build configuration list for PBXProject "ChatKitDemo" */;
			compatibilityVersion = "Xcode 3.2";
			developmentRegion = English;
			hasScannedForEncodings = 0;
			knownRegions = (
				en,
				Base,
			);
			mainGroup = 8A69E6351DC19675005336B4;
			productRefGroup = 8A69E63F1DC19675005336B4 /* Products */;
			projectDirPath = "";
			projectRoot = "";
			targets = (
				8A69E63D1DC19675005336B4 /* ChatKitDemo */,
				8A69E6561DC19675005336B4 /* ChatKitDemoTests */,
				8A69E6611DC19676005336B4 /* ChatKitDemoUITests */,
			);
		};
/* End PBXProject section */

/* Begin PBXResourcesBuildPhase section */
		8A69E63C1DC19675005336B4 /* Resources */ = {
			isa = PBXResourcesBuildPhase;
			buildActionMask = 2147483647;
			files = (
				8A69E6C21DC1AA67005336B4 /* LCCKVCardView.xib in Resources */,
				8A69E6BE1DC1AA67005336B4 /* calling_card_bg@2x.png in Resources */,
				8A69E6511DC19675005336B4 /* LaunchScreen.storyboard in Resources */,
				8A69E64E1DC19675005336B4 /* Assets.xcassets in Resources */,
				8A69E64C1DC19675005336B4 /* Main.storyboard in Resources */,
				8A69E6A21DC1AA4C005336B4 /* RedpacketCellResource.bundle in Resources */,
				8A69E6D01DC1AA81005336B4 /* LCCKLoginViewController.xib in Resources */,
			);
			runOnlyForDeploymentPostprocessing = 0;
		};
		8A69E6551DC19675005336B4 /* Resources */ = {
			isa = PBXResourcesBuildPhase;
			buildActionMask = 2147483647;
			files = (
			);
			runOnlyForDeploymentPostprocessing = 0;
		};
		8A69E6601DC19676005336B4 /* Resources */ = {
			isa = PBXResourcesBuildPhase;
			buildActionMask = 2147483647;
			files = (
			);
			runOnlyForDeploymentPostprocessing = 0;
		};
/* End PBXResourcesBuildPhase section */

/* Begin PBXShellScriptBuildPhase section */
		110DCC4D607081AC90FA77CC /* Embed Pods Frameworks */ = {
			isa = PBXShellScriptBuildPhase;
			buildActionMask = 2147483647;
			files = (
			);
			inputPaths = (
			);
			name = "Embed Pods Frameworks";
			outputPaths = (
			);
			runOnlyForDeploymentPostprocessing = 0;
			shellPath = /bin/sh;
			shellScript = "\"${SRCROOT}/Pods/Target Support Files/Pods/Pods-frameworks.sh\"\n";
			showEnvVarsInLog = 0;
		};
		64A4EB332C2BE4032AF9F023 /* Copy Pods Resources */ = {
			isa = PBXShellScriptBuildPhase;
			buildActionMask = 2147483647;
			files = (
			);
			inputPaths = (
			);
			name = "Copy Pods Resources";
			outputPaths = (
			);
			runOnlyForDeploymentPostprocessing = 0;
			shellPath = /bin/sh;
			shellScript = "\"${SRCROOT}/Pods/Target Support Files/Pods/Pods-resources.sh\"\n";
			showEnvVarsInLog = 0;
		};
		88A2D669824251EC3D89D105 /* Check Pods Manifest.lock */ = {
			isa = PBXShellScriptBuildPhase;
			buildActionMask = 2147483647;
			files = (
			);
			inputPaths = (
			);
			name = "Check Pods Manifest.lock";
			outputPaths = (
			);
			runOnlyForDeploymentPostprocessing = 0;
			shellPath = /bin/sh;
			shellScript = "diff \"${PODS_ROOT}/../Podfile.lock\" \"${PODS_ROOT}/Manifest.lock\" > /dev/null\nif [[ $? != 0 ]] ; then\n    cat << EOM\nerror: The sandbox is not in sync with the Podfile.lock. Run 'pod install' or update your CocoaPods installation.\nEOM\n    exit 1\nfi\n";
			showEnvVarsInLog = 0;
		};
/* End PBXShellScriptBuildPhase section */

/* Begin PBXSourcesBuildPhase section */
		8A69E63A1DC19675005336B4 /* Sources */ = {
			isa = PBXSourcesBuildPhase;
			buildActionMask = 2147483647;
			files = (
				8A69E6C11DC1AA67005336B4 /* LCCKVCardView.m in Sources */,
				8A69E6CF1DC1AA81005336B4 /* LCCKLoginViewController.m in Sources */,
				8A69E6891DC1AA30005336B4 /* LCCKPlusButtonSubclass.m in Sources */,
				8A69E6E31DC1AEA7005336B4 /* LCChatKitExample+Setting.m in Sources */,
				8A69E6A81DC1AA4C005336B4 /* RedpacketTakenMessageCell.m in Sources */,
				8A69E6D31DC1AA81005336B4 /* LCCKLoginDataSource.m in Sources */,
				8A69E6BC1DC1AA67005336B4 /* LCCKInputViewPluginConversationBackground.m in Sources */,
				8A69E6781DC1A8CC005336B4 /* LCChatKitExample.m in Sources */,
				8A69E6A61DC1AA4C005336B4 /* RedPacketInputViewPlugin.m in Sources */,
				8A69E6491DC19675005336B4 /* ViewController.m in Sources */,
				8A69E6DB1DC1AA97005336B4 /* LCCKContactManager.m in Sources */,
				8A69E6871DC1AA30005336B4 /* LCCKMapViewController.m in Sources */,
				8A69E6C01DC1AA67005336B4 /* LCCKVCardMessageCell.m in Sources */,
				8A69E6A01DC1AA4C005336B4 /* AVIMTypedMessageRedPacket.m in Sources */,
				8A69E6D21DC1AA81005336B4 /* DEMODataSource.m in Sources */,
				8A69E6A41DC1AA4C005336B4 /* RedpacketConfig.m in Sources */,
				8A69E6461DC19675005336B4 /* AppDelegate.m in Sources */,
				8A69E6A31DC1AA4C005336B4 /* AppDelegate+RedPacket.m in Sources */,
				8A69E6A11DC1AA4C005336B4 /* AVIMTypedMessageRedPacketTaken.m in Sources */,
				8A69E6E41DC1AEA7005336B4 /* LCCKTabBarControllerConfig.m in Sources */,
				8A69E6A51DC1AA4C005336B4 /* RedPacketChangeInputViewPlugin.m in Sources */,
				8A69E6DC1DC1AA97005336B4 /* NSObject+LCCKHUD.m in Sources */,
				8A69E6BD1DC1AA67005336B4 /* LCCKVCardMessage.m in Sources */,
				8A69E6881DC1AA30005336B4 /* LCCKUtil.m in Sources */,
				8A69E6BF1DC1AA67005336B4 /* LCCKInputViewPluginVCard.m in Sources */,
				8A69E6A71DC1AA4C005336B4 /* RedpacketMessageCell.m in Sources */,
				8A69E67C1DC1A917005336B4 /* LCCKUser.m in Sources */,
				8A69E6D11DC1AA81005336B4 /* DEMOCustomAutoCompleteObject.m in Sources */,
				8A69E6431DC19675005336B4 /* main.m in Sources */,
			);
			runOnlyForDeploymentPostprocessing = 0;
		};
		8A69E6531DC19675005336B4 /* Sources */ = {
			isa = PBXSourcesBuildPhase;
			buildActionMask = 2147483647;
			files = (
				8A69E65C1DC19676005336B4 /* ChatKitDemoTests.m in Sources */,
			);
			runOnlyForDeploymentPostprocessing = 0;
		};
		8A69E65E1DC19676005336B4 /* Sources */ = {
			isa = PBXSourcesBuildPhase;
			buildActionMask = 2147483647;
			files = (
				8A69E6671DC19676005336B4 /* ChatKitDemoUITests.m in Sources */,
			);
			runOnlyForDeploymentPostprocessing = 0;
		};
/* End PBXSourcesBuildPhase section */

/* Begin PBXTargetDependency section */
		8A69E6591DC19675005336B4 /* PBXTargetDependency */ = {
			isa = PBXTargetDependency;
			target = 8A69E63D1DC19675005336B4 /* ChatKitDemo */;
			targetProxy = 8A69E6581DC19675005336B4 /* PBXContainerItemProxy */;
		};
		8A69E6641DC19676005336B4 /* PBXTargetDependency */ = {
			isa = PBXTargetDependency;
			target = 8A69E63D1DC19675005336B4 /* ChatKitDemo */;
			targetProxy = 8A69E6631DC19676005336B4 /* PBXContainerItemProxy */;
		};
/* End PBXTargetDependency section */

/* Begin PBXVariantGroup section */
		8A69E64A1DC19675005336B4 /* Main.storyboard */ = {
			isa = PBXVariantGroup;
			children = (
				8A69E64B1DC19675005336B4 /* Base */,
			);
			name = Main.storyboard;
			sourceTree = "<group>";
		};
		8A69E64F1DC19675005336B4 /* LaunchScreen.storyboard */ = {
			isa = PBXVariantGroup;
			children = (
				8A69E6501DC19675005336B4 /* Base */,
			);
			name = LaunchScreen.storyboard;
			sourceTree = "<group>";
		};
/* End PBXVariantGroup section */

/* Begin XCBuildConfiguration section */
		8A69E6691DC19676005336B4 /* Debug */ = {
			isa = XCBuildConfiguration;
			buildSettings = {
				ALWAYS_SEARCH_USER_PATHS = NO;
				CLANG_ANALYZER_NONNULL = YES;
				CLANG_CXX_LANGUAGE_STANDARD = "gnu++0x";
				CLANG_CXX_LIBRARY = "libc++";
				CLANG_ENABLE_MODULES = YES;
				CLANG_ENABLE_OBJC_ARC = YES;
				CLANG_WARN_BOOL_CONVERSION = YES;
				CLANG_WARN_CONSTANT_CONVERSION = YES;
				CLANG_WARN_DIRECT_OBJC_ISA_USAGE = YES_ERROR;
				CLANG_WARN_DOCUMENTATION_COMMENTS = YES;
				CLANG_WARN_EMPTY_BODY = YES;
				CLANG_WARN_ENUM_CONVERSION = YES;
				CLANG_WARN_INFINITE_RECURSION = YES;
				CLANG_WARN_INT_CONVERSION = YES;
				CLANG_WARN_OBJC_ROOT_CLASS = YES_ERROR;
				CLANG_WARN_SUSPICIOUS_MOVES = YES;
				CLANG_WARN_UNREACHABLE_CODE = YES;
				CLANG_WARN__DUPLICATE_METHOD_MATCH = YES;
				"CODE_SIGN_IDENTITY[sdk=iphoneos*]" = "iPhone Developer";
				COPY_PHASE_STRIP = NO;
				DEBUG_INFORMATION_FORMAT = dwarf;
				ENABLE_STRICT_OBJC_MSGSEND = YES;
				ENABLE_TESTABILITY = YES;
				GCC_C_LANGUAGE_STANDARD = gnu99;
				GCC_DYNAMIC_NO_PIC = NO;
				GCC_NO_COMMON_BLOCKS = YES;
				GCC_OPTIMIZATION_LEVEL = 0;
				GCC_PREPROCESSOR_DEFINITIONS = (
					"DEBUG=1",
					"$(inherited)",
				);
				GCC_WARN_64_TO_32_BIT_CONVERSION = YES;
				GCC_WARN_ABOUT_RETURN_TYPE = YES_ERROR;
				GCC_WARN_UNDECLARED_SELECTOR = YES;
				GCC_WARN_UNINITIALIZED_AUTOS = YES_AGGRESSIVE;
				GCC_WARN_UNUSED_FUNCTION = YES;
				GCC_WARN_UNUSED_VARIABLE = YES;
				IPHONEOS_DEPLOYMENT_TARGET = 10.0;
				MTL_ENABLE_DEBUG_INFO = YES;
				ONLY_ACTIVE_ARCH = YES;
				SDKROOT = iphoneos;
			};
			name = Debug;
		};
		8A69E66A1DC19676005336B4 /* Release */ = {
			isa = XCBuildConfiguration;
			buildSettings = {
				ALWAYS_SEARCH_USER_PATHS = NO;
				CLANG_ANALYZER_NONNULL = YES;
				CLANG_CXX_LANGUAGE_STANDARD = "gnu++0x";
				CLANG_CXX_LIBRARY = "libc++";
				CLANG_ENABLE_MODULES = YES;
				CLANG_ENABLE_OBJC_ARC = YES;
				CLANG_WARN_BOOL_CONVERSION = YES;
				CLANG_WARN_CONSTANT_CONVERSION = YES;
				CLANG_WARN_DIRECT_OBJC_ISA_USAGE = YES_ERROR;
				CLANG_WARN_DOCUMENTATION_COMMENTS = YES;
				CLANG_WARN_EMPTY_BODY = YES;
				CLANG_WARN_ENUM_CONVERSION = YES;
				CLANG_WARN_INFINITE_RECURSION = YES;
				CLANG_WARN_INT_CONVERSION = YES;
				CLANG_WARN_OBJC_ROOT_CLASS = YES_ERROR;
				CLANG_WARN_SUSPICIOUS_MOVES = YES;
				CLANG_WARN_UNREACHABLE_CODE = YES;
				CLANG_WARN__DUPLICATE_METHOD_MATCH = YES;
				"CODE_SIGN_IDENTITY[sdk=iphoneos*]" = "iPhone Developer";
				COPY_PHASE_STRIP = NO;
				DEBUG_INFORMATION_FORMAT = "dwarf-with-dsym";
				ENABLE_NS_ASSERTIONS = NO;
				ENABLE_STRICT_OBJC_MSGSEND = YES;
				GCC_C_LANGUAGE_STANDARD = gnu99;
				GCC_NO_COMMON_BLOCKS = YES;
				GCC_WARN_64_TO_32_BIT_CONVERSION = YES;
				GCC_WARN_ABOUT_RETURN_TYPE = YES_ERROR;
				GCC_WARN_UNDECLARED_SELECTOR = YES;
				GCC_WARN_UNINITIALIZED_AUTOS = YES_AGGRESSIVE;
				GCC_WARN_UNUSED_FUNCTION = YES;
				GCC_WARN_UNUSED_VARIABLE = YES;
				IPHONEOS_DEPLOYMENT_TARGET = 10.0;
				MTL_ENABLE_DEBUG_INFO = NO;
				SDKROOT = iphoneos;
				VALIDATE_PRODUCT = YES;
			};
			name = Release;
		};
		8A69E66C1DC19676005336B4 /* Debug */ = {
			isa = XCBuildConfiguration;
			baseConfigurationReference = 2D56B2486507000DD02B9A97 /* Pods.debug.xcconfig */;
			buildSettings = {
				ASSETCATALOG_COMPILER_APPICON_NAME = AppIcon;
				DEVELOPMENT_TEAM = D7XRQ8Z68E;
				GCC_PREFIX_HEADER = /Users/easy_qingsong163com/Documents/myGitHub/ChatKitDemo/ChatKitDemo/PrefixHeader.pch;
				INFOPLIST_FILE = ChatKitDemo/Info.plist;
				LD_RUNPATH_SEARCH_PATHS = "$(inherited) @executable_path/Frameworks";
				PRODUCT_BUNDLE_IDENTIFIER = com.taobaichi.ChatKitDemo;
				PRODUCT_NAME = "$(TARGET_NAME)";
			};
			name = Debug;
		};
		8A69E66D1DC19676005336B4 /* Release */ = {
			isa = XCBuildConfiguration;
			baseConfigurationReference = 48B42A31EB093513803B48EE /* Pods.release.xcconfig */;
			buildSettings = {
				ASSETCATALOG_COMPILER_APPICON_NAME = AppIcon;
				DEVELOPMENT_TEAM = D7XRQ8Z68E;
				GCC_PREFIX_HEADER = /Users/easy_qingsong163com/Documents/myGitHub/ChatKitDemo/ChatKitDemo/PrefixHeader.pch;
				INFOPLIST_FILE = ChatKitDemo/Info.plist;
				LD_RUNPATH_SEARCH_PATHS = "$(inherited) @executable_path/Frameworks";
				PRODUCT_BUNDLE_IDENTIFIER = com.taobaichi.ChatKitDemo;
				PRODUCT_NAME = "$(TARGET_NAME)";
			};
			name = Release;
		};
		8A69E66F1DC19676005336B4 /* Debug */ = {
			isa = XCBuildConfiguration;
			buildSettings = {
				BUNDLE_LOADER = "$(TEST_HOST)";
				DEVELOPMENT_TEAM = D7XRQ8Z68E;
				INFOPLIST_FILE = ChatKitDemoTests/Info.plist;
				LD_RUNPATH_SEARCH_PATHS = "$(inherited) @executable_path/Frameworks @loader_path/Frameworks";
				PRODUCT_BUNDLE_IDENTIFIER = com.taobaichi.ChatKitDemoTests;
				PRODUCT_NAME = "$(TARGET_NAME)";
				TEST_HOST = "$(BUILT_PRODUCTS_DIR)/ChatKitDemo.app/ChatKitDemo";
			};
			name = Debug;
		};
		8A69E6701DC19676005336B4 /* Release */ = {
			isa = XCBuildConfiguration;
			buildSettings = {
				BUNDLE_LOADER = "$(TEST_HOST)";
				DEVELOPMENT_TEAM = D7XRQ8Z68E;
				INFOPLIST_FILE = ChatKitDemoTests/Info.plist;
				LD_RUNPATH_SEARCH_PATHS = "$(inherited) @executable_path/Frameworks @loader_path/Frameworks";
				PRODUCT_BUNDLE_IDENTIFIER = com.taobaichi.ChatKitDemoTests;
				PRODUCT_NAME = "$(TARGET_NAME)";
				TEST_HOST = "$(BUILT_PRODUCTS_DIR)/ChatKitDemo.app/ChatKitDemo";
			};
			name = Release;
		};
		8A69E6721DC19676005336B4 /* Debug */ = {
			isa = XCBuildConfiguration;
			buildSettings = {
				DEVELOPMENT_TEAM = D7XRQ8Z68E;
				INFOPLIST_FILE = ChatKitDemoUITests/Info.plist;
				LD_RUNPATH_SEARCH_PATHS = "$(inherited) @executable_path/Frameworks @loader_path/Frameworks";
				PRODUCT_BUNDLE_IDENTIFIER = com.taobaichi.ChatKitDemoUITests;
				PRODUCT_NAME = "$(TARGET_NAME)";
				TEST_TARGET_NAME = ChatKitDemo;
			};
			name = Debug;
		};
		8A69E6731DC19676005336B4 /* Release */ = {
			isa = XCBuildConfiguration;
			buildSettings = {
				DEVELOPMENT_TEAM = D7XRQ8Z68E;
				INFOPLIST_FILE = ChatKitDemoUITests/Info.plist;
				LD_RUNPATH_SEARCH_PATHS = "$(inherited) @executable_path/Frameworks @loader_path/Frameworks";
				PRODUCT_BUNDLE_IDENTIFIER = com.taobaichi.ChatKitDemoUITests;
				PRODUCT_NAME = "$(TARGET_NAME)";
				TEST_TARGET_NAME = ChatKitDemo;
			};
			name = Release;
		};
/* End XCBuildConfiguration section */

/* Begin XCConfigurationList section */
		8A69E6391DC19675005336B4 /* Build configuration list for PBXProject "ChatKitDemo" */ = {
			isa = XCConfigurationList;
			buildConfigurations = (
				8A69E6691DC19676005336B4 /* Debug */,
				8A69E66A1DC19676005336B4 /* Release */,
			);
			defaultConfigurationIsVisible = 0;
			defaultConfigurationName = Release;
		};
		8A69E66B1DC19676005336B4 /* Build configuration list for PBXNativeTarget "ChatKitDemo" */ = {
			isa = XCConfigurationList;
			buildConfigurations = (
				8A69E66C1DC19676005336B4 /* Debug */,
				8A69E66D1DC19676005336B4 /* Release */,
			);
			defaultConfigurationIsVisible = 0;
			defaultConfigurationName = Release;
		};
		8A69E66E1DC19676005336B4 /* Build configuration list for PBXNativeTarget "ChatKitDemoTests" */ = {
			isa = XCConfigurationList;
			buildConfigurations = (
				8A69E66F1DC19676005336B4 /* Debug */,
				8A69E6701DC19676005336B4 /* Release */,
			);
			defaultConfigurationIsVisible = 0;
			defaultConfigurationName = Release;
		};
		8A69E6711DC19676005336B4 /* Build configuration list for PBXNativeTarget "ChatKitDemoUITests" */ = {
			isa = XCConfigurationList;
			buildConfigurations = (
				8A69E6721DC19676005336B4 /* Debug */,
				8A69E6731DC19676005336B4 /* Release */,
			);
			defaultConfigurationIsVisible = 0;
			defaultConfigurationName = Release;
		};
/* End XCConfigurationList section */
	};
	rootObject = 8A69E6361DC19675005336B4 /* Project object */;
}
